dependencies:
- name: postgresql
  repository: oci://registry-1.docker.io/bitnamicharts
  version: 18.11.6
- name: redis
  repository: oci://registry-1.docker.io/bitnamicharts
  version: 24.0.0
- name: tfy-sandbox-server
  repository: oci://tfy.jfrog.io/tfy-helm
  version: 0.3.4
digest: sha256:be52024454b036d7654183d869f28d72fe38d9572f0d2d88e86f9bc95c1ed759
generated: "2026-09-22T15:49:03.680062193Z"
